
Microsoft Visual Studio Solution File, Format Version 12.00
# Visual Studio Version 17
VisualStudioVersion = 17.5.33516.290
MinimumVisualStudioVersion = 10.0.40219.1
Project("{FAE04EC0-301F-11D3-BF4B-00C04F79EFBC}") = "OpenSinClub", "CodeTasks\OpenSinClub.csproj", "{748A8F0F-2920-45D6-8611-2D67B17F5D91}"
EndProject
Project("{2150E333-8FDC-42A3-9474-1A3956D46DE8}") = "CodeWars 8-7", "CodeWars 8-7", "{8A98A115-913F-4318-8E9C-6A5C89BEAD48}"
EndProject
Project("{FAE04EC0-301F-11D3-BF4B-00C04F79EFBC}") = "TrollComm", "TrollComm\TrollComm.csproj", "{FA16FE9B-9526-4A67-9650-B9F17D4A4EA9}"
EndProject
Project("{FAE04EC0-301F-11D3-BF4B-00C04F79EFBC}") = "FootballCount", "FootballCount\FootballCount.csproj", "{066C5501-F144-4898-ADDB-D677E52A3853}"
EndProject
Project("{FAE04EC0-301F-11D3-BF4B-00C04F79EFBC}") = "Lepestki", "Lepestki\Lepestki.csproj", "{F575EA72-BCB4-45FC-B4E8-264B4FDDA6F4}"
EndProject
Project("{FAE04EC0-301F-11D3-BF4B-00C04F79EFBC}") = "Triangle", "Triangle\Triangle.csproj", "{1A9BE3CB-B72C-4742-B503-503ACC58592A}"
EndProject
Project("{FAE04EC0-301F-11D3-BF4B-00C04F79EFBC}") = "MsConvert", "MsConvert\MsConvert.csproj", "{BB4F95AA-97AD-4797-9B06-5E5F2F833D05}"
EndProject
Project("{FAE04EC0-301F-11D3-BF4B-00C04F79EFBC}") = "MaxSumArray", "MaxSumArray\MaxSumArray.csproj", "{82FBB14D-557B-4BD7-BCD0-C176C808E005}"
EndProject
Project("{FAE04EC0-301F-11D3-BF4B-00C04F79EFBC}") = "LastNumberMath", "LastNumberMath\LastNumberMath.csproj", "{004B74B0-64D4-4907-AF4C-7E0444085DE4}"
EndProject
Project("{2150E333-8FDC-42A3-9474-1A3956D46DE8}") = "CodeWars 6-5", "CodeWars 6-5", "{DA19221C-2279-443B-BFFB-0A6670517CDE}"
EndProject
Project("{FAE04EC0-301F-11D3-BF4B-00C04F79EFBC}") = "SqrtPwArray", "SqrtPwArray\SqrtPwArray.csproj", "{13CDEED5-2C7C-4B10-A23E-ED4B1E8A9CAE}"
EndProject
Project("{FAE04EC0-301F-11D3-BF4B-00C04F79EFBC}") = "Fibonachi", "Fibonachi\Fibonachi.csproj", "{DFAC7BF5-30EB-4EF8-B3E6-A63079C922F3}"
EndProject
Project("{FAE04EC0-301F-11D3-BF4B-00C04F79EFBC}") = "ConsoleApp1", "ConsoleApp1\ConsoleApp1.csproj", "{537AE92C-5230-4E84-9180-3540BCCF463C}"
EndProject
Global
	GlobalSection(SolutionConfigurationPlatforms) = preSolution
		Debug|Any CPU = Debug|Any CPU
		Release|Any CPU = Release|Any CPU
	EndGlobalSection
	GlobalSection(ProjectConfigurationPlatforms) = postSolution
		{748A8F0F-2920-45D6-8611-2D67B17F5D91}.Debug|Any CPU.ActiveCfg = Debug|Any CPU
		{748A8F0F-2920-45D6-8611-2D67B17F5D91}.Debug|Any CPU.Build.0 = Debug|Any CPU
		{748A8F0F-2920-45D6-8611-2D67B17F5D91}.Release|Any CPU.ActiveCfg = Release|Any CPU
		{748A8F0F-2920-45D6-8611-2D67B17F5D91}.Release|Any CPU.Build.0 = Release|Any CPU
		{FA16FE9B-9526-4A67-9650-B9F17D4A4EA9}.Debug|Any CPU.ActiveCfg = Debug|Any CPU
		{FA16FE9B-9526-4A67-9650-B9F17D4A4EA9}.Debug|Any CPU.Build.0 = Debug|Any CPU
		{FA16FE9B-9526-4A67-9650-B9F17D4A4EA9}.Release|Any CPU.ActiveCfg = Release|Any CPU
		{FA16FE9B-9526-4A67-9650-B9F17D4A4EA9}.Release|Any CPU.Build.0 = Release|Any CPU
		{066C5501-F144-4898-ADDB-D677E52A3853}.Debug|Any CPU.ActiveCfg = Debug|Any CPU
		{066C5501-F144-4898-ADDB-D677E52A3853}.Debug|Any CPU.Build.0 = Debug|Any CPU
		{066C5501-F144-4898-ADDB-D677E52A3853}.Release|Any CPU.ActiveCfg = Release|Any CPU
		{066C5501-F144-4898-ADDB-D677E52A3853}.Release|Any CPU.Build.0 = Release|Any CPU
		{F575EA72-BCB4-45FC-B4E8-264B4FDDA6F4}.Debug|Any CPU.ActiveCfg = Debug|Any CPU
		{F575EA72-BCB4-45FC-B4E8-264B4FDDA6F4}.Debug|Any CPU.Build.0 = Debug|Any CPU
		{F575EA72-BCB4-45FC-B4E8-264B4FDDA6F4}.Release|Any CPU.ActiveCfg = Release|Any CPU
		{F575EA72-BCB4-45FC-B4E8-264B4FDDA6F4}.Release|Any CPU.Build.0 = Release|Any CPU
		{1A9BE3CB-B72C-4742-B503-503ACC58592A}.Debug|Any CPU.ActiveCfg = Debug|Any CPU
		{1A9BE3CB-B72C-4742-B503-503ACC58592A}.Debug|Any CPU.Build.0 = Debug|Any CPU
		{1A9BE3CB-B72C-4742-B503-503ACC58592A}.Release|Any CPU.ActiveCfg = Release|Any CPU
		{1A9BE3CB-B72C-4742-B503-503ACC58592A}.Release|Any CPU.Build.0 = Release|Any CPU
		{BB4F95AA-97AD-4797-9B06-5E5F2F833D05}.Debug|Any CPU.ActiveCfg = Debug|Any CPU
		{BB4F95AA-97AD-4797-9B06-5E5F2F833D05}.Debug|Any CPU.Build.0 = Debug|Any CPU
		{BB4F95AA-97AD-4797-9B06-5E5F2F833D05}.Release|Any CPU.ActiveCfg = Release|Any CPU
		{BB4F95AA-97AD-4797-9B06-5E5F2F833D05}.Release|Any CPU.Build.0 = Release|Any CPU
		{82FBB14D-557B-4BD7-BCD0-C176C808E005}.Debug|Any CPU.ActiveCfg = Debug|Any CPU
		{82FBB14D-557B-4BD7-BCD0-C176C808E005}.Debug|Any CPU.Build.0 = Debug|Any CPU
		{82FBB14D-557B-4BD7-BCD0-C176C808E005}.Release|Any CPU.ActiveCfg = Release|Any CPU
		{82FBB14D-557B-4BD7-BCD0-C176C808E005}.Release|Any CPU.Build.0 = Release|Any CPU
		{004B74B0-64D4-4907-AF4C-7E0444085DE4}.Debug|Any CPU.ActiveCfg = Debug|Any CPU
		{004B74B0-64D4-4907-AF4C-7E0444085DE4}.Debug|Any CPU.Build.0 = Debug|Any CPU
		{004B74B0-64D4-4907-AF4C-7E0444085DE4}.Release|Any CPU.ActiveCfg = Release|Any CPU
		{004B74B0-64D4-4907-AF4C-7E0444085DE4}.Release|Any CPU.Build.0 = Release|Any CPU
		{13CDEED5-2C7C-4B10-A23E-ED4B1E8A9CAE}.Debug|Any CPU.ActiveCfg = Debug|Any CPU
		{13CDEED5-2C7C-4B10-A23E-ED4B1E8A9CAE}.Debug|Any CPU.Build.0 = Debug|Any CPU
		{13CDEED5-2C7C-4B10-A23E-ED4B1E8A9CAE}.Release|Any CPU.ActiveCfg = Release|Any CPU
		{13CDEED5-2C7C-4B10-A23E-ED4B1E8A9CAE}.Release|Any CPU.Build.0 = Release|Any CPU
		{DFAC7BF5-30EB-4EF8-B3E6-A63079C922F3}.Debug|Any CPU.ActiveCfg = Debug|Any CPU
		{DFAC7BF5-30EB-4EF8-B3E6-A63079C922F3}.Debug|Any CPU.Build.0 = Debug|Any CPU
		{DFAC7BF5-30EB-4EF8-B3E6-A63079C922F3}.Release|Any CPU.ActiveCfg = Release|Any CPU
		{DFAC7BF5-30EB-4EF8-B3E6-A63079C922F3}.Release|Any CPU.Build.0 = Release|Any CPU
		{537AE92C-5230-4E84-9180-3540BCCF463C}.Debug|Any CPU.ActiveCfg = Debug|Any CPU
		{537AE92C-5230-4E84-9180-3540BCCF463C}.Debug|Any CPU.Build.0 = Debug|Any CPU
		{537AE92C-5230-4E84-9180-3540BCCF463C}.Release|Any CPU.ActiveCfg = Release|Any CPU
		{537AE92C-5230-4E84-9180-3540BCCF463C}.Release|Any CPU.Build.0 = Release|Any CPU
	EndGlobalSection
	GlobalSection(SolutionProperties) = preSolution
		HideSolutionNode = FALSE
	EndGlobalSection
	GlobalSection(NestedProjects) = preSolution
		{748A8F0F-2920-45D6-8611-2D67B17F5D91} = {8A98A115-913F-4318-8E9C-6A5C89BEAD48}
		{FA16FE9B-9526-4A67-9650-B9F17D4A4EA9} = {8A98A115-913F-4318-8E9C-6A5C89BEAD48}
		{066C5501-F144-4898-ADDB-D677E52A3853} = {8A98A115-913F-4318-8E9C-6A5C89BEAD48}
		{F575EA72-BCB4-45FC-B4E8-264B4FDDA6F4} = {8A98A115-913F-4318-8E9C-6A5C89BEAD48}
		{1A9BE3CB-B72C-4742-B503-503ACC58592A} = {8A98A115-913F-4318-8E9C-6A5C89BEAD48}
		{BB4F95AA-97AD-4797-9B06-5E5F2F833D05} = {8A98A115-913F-4318-8E9C-6A5C89BEAD48}
		{82FBB14D-557B-4BD7-BCD0-C176C808E005} = {8A98A115-913F-4318-8E9C-6A5C89BEAD48}
		{004B74B0-64D4-4907-AF4C-7E0444085DE4} = {DA19221C-2279-443B-BFFB-0A6670517CDE}
		{13CDEED5-2C7C-4B10-A23E-ED4B1E8A9CAE} = {8A98A115-913F-4318-8E9C-6A5C89BEAD48}
		{DFAC7BF5-30EB-4EF8-B3E6-A63079C922F3} = {8A98A115-913F-4318-8E9C-6A5C89BEAD48}
		{537AE92C-5230-4E84-9180-3540BCCF463C} = {DA19221C-2279-443B-BFFB-0A6670517CDE}
	EndGlobalSection
	GlobalSection(ExtensibilityGlobals) = postSolution
		SolutionGuid = {E0CD621C-0BEA-464D-8829-C3326F763A93}
	EndGlobalSection
EndGlobal
